// !$*UTF8*$!
{
	archiveVersion = 1;
	classes = {
	};
	objectVersion = 56;
	objects = {

/* Begin PBXBuildFile section */
		7B5673BA2A7E34B1003CE63F /* SnowSeekerApp.swift in Sources */ = {isa = PBXBuildFile; fileRef = 7B5673B92A7E34B1003CE63F /* SnowSeekerApp.swift */; };
		7B5673BC2A7E34B1003CE63F /* ContentView.swift in Sources */ = {isa = PBXBuildFile; fileRef = 7B5673BB2A7E34B1003CE63F /* ContentView.swift */; };
		7B5673BE2A7E34B3003CE63F /* Assets.xcassets in Resources */ = {isa = PBXBuildFile; fileRef = 7B5673BD2A7E34B3003CE63F /* Assets.xcassets */; };
		7B5673C12A7E34B3003CE63F /* Preview Assets.xcassets in Resources */ = {isa = PBXBuildFile; fileRef = 7B5673C02A7E34B3003CE63F /* Preview Assets.xcassets */; };
		7B5673C92A7E3E36003CE63F /* sideView.swift in Sources */ = {isa = PBXBuildFile; fileRef = 7B5673C82A7E3E36003CE63F /* sideView.swift */; };
		7B5673CB2A7E42A5003CE63F /* optionalsAlertSheet.swift in Sources */ = {isa = PBXBuildFile; fileRef = 7B5673CA2A7E42A5003CE63F /* optionalsAlertSheet.swift */; };
		7B5673CD2A7E47D5003CE63F /* GroupView.swift in Sources */ = {isa = PBXBuildFile; fileRef = 7B5673CC2A7E47D5003CE63F /* GroupView.swift */; };
		7B5673CF2A7E4B37003CE63F /* searchableView.swift in Sources */ = {isa = PBXBuildFile; fileRef = 7B5673CE2A7E4B37003CE63F /* searchableView.swift */; };
		7B5673D12A7E54A9003CE63F /* resorts.json in Resources */ = {isa = PBXBuildFile; fileRef = 7B5673D02A7E54A9003CE63F /* resorts.json */; };
		7B5673D52A7E551D003CE63F /* Resort.swift in Sources */ = {isa = PBXBuildFile; fileRef = 7B5673D42A7E551D003CE63F /* Resort.swift */; };
		7B5673D82A7E55A1003CE63F /* Bundle.swift in Sources */ = {isa = PBXBuildFile; fileRef = 7B5673D72A7E55A1003CE63F /* Bundle.swift */; };
		7B5673DA2A7E6DFB003CE63F /* WelcomeView.swift in Sources */ = {isa = PBXBuildFile; fileRef = 7B5673D92A7E6DFB003CE63F /* WelcomeView.swift */; };
		7B7591942A7F87EB00BBABE4 /* ResortView.swift in Sources */ = {isa = PBXBuildFile; fileRef = 7B7591932A7F87EB00BBABE4 /* ResortView.swift */; };
		7B7591962A7F8A1200BBABE4 /* SkiDetailsView.swift in Sources */ = {isa = PBXBuildFile; fileRef = 7B7591952A7F8A1200BBABE4 /* SkiDetailsView.swift */; };
		7B7591982A7F8BAD00BBABE4 /* ResortDetailsView.swift in Sources */ = {isa = PBXBuildFile; fileRef = 7B7591972A7F8BAD00BBABE4 /* ResortDetailsView.swift */; };
		7B75919A2A81131C00BBABE4 /* Facility.swift in Sources */ = {isa = PBXBuildFile; fileRef = 7B7591992A81131C00BBABE4 /* Facility.swift */; };
		7B75919C2A81262000BBABE4 /* Favorites.swift in Sources */ = {isa = PBXBuildFile; fileRef = 7B75919B2A81262000BBABE4 /* Favorites.swift */; };
		7B75919E2A81374000BBABE4 /* SortingView.swift in Sources */ = {isa = PBXBuildFile; fileRef = 7B75919D2A81373F00BBABE4 /* SortingView.swift */; };
/* End PBXBuildFile section */

/* Begin PBXFileReference section */
		7B5673B62A7E34B1003CE63F /* SnowSeeker.app */ = {isa = PBXFileReference; explicitFileType = wrapper.application; includeInIndex = 0; path = SnowSeeker.app; sourceTree = BUILT_PRODUCTS_DIR; };
		7B5673B92A7E34B1003CE63F /* SnowSeekerApp.swift */ = {isa = PBXFileReference; lastKnownFileType = sourcecode.swift; path = SnowSeekerApp.swift; sourceTree = "<group>"; };
		7B5673BB2A7E34B1003CE63F /* ContentView.swift */ = {isa = PBXFileReference; lastKnownFileType = sourcecode.swift; path = ContentView.swift; sourceTree = "<group>"; };
		7B5673BD2A7E34B3003CE63F /* Assets.xcassets */ = {isa = PBXFileReference; lastKnownFileType = folder.assetcatalog; path = Assets.xcassets; sourceTree = "<group>"; };
		7B5673C02A7E34B3003CE63F /* Preview Assets.xcassets */ = {isa = PBXFileReference; lastKnownFileType = folder.assetcatalog; path = "Preview Assets.xcassets"; sourceTree = "<group>"; };
		7B5673C82A7E3E36003CE63F /* sideView.swift */ = {isa = PBXFileReference; lastKnownFileType = sourcecode.swift; path = sideView.swift; sourceTree = "<group>"; };
		7B5673CA2A7E42A5003CE63F /* optionalsAlertSheet.swift */ = {isa = PBXFileReference; lastKnownFileType = sourcecode.swift; path = optionalsAlertSheet.swift; sourceTree = "<group>"; };
		7B5673CC2A7E47D5003CE63F /* GroupView.swift */ = {isa = PBXFileReference; lastKnownFileType = sourcecode.swift; path = GroupView.swift; sourceTree = "<group>"; };
		7B5673CE2A7E4B37003CE63F /* searchableView.swift */ = {isa = PBXFileReference; lastKnownFileType = sourcecode.swift; path = searchableView.swift; sourceTree = "<group>"; };
		7B5673D02A7E54A9003CE63F /* resorts.json */ = {isa = PBXFileReference; fileEncoding = 4; lastKnownFileType = text.json; path = resorts.json; sourceTree = "<group>"; };
		7B5673D42A7E551D003CE63F /* Resort.swift */ = {isa = PBXFileReference; lastKnownFileType = sourcecode.swift; path = Resort.swift; sourceTree = "<group>"; };
		7B5673D72A7E55A1003CE63F /* Bundle.swift */ = {isa = PBXFileReference; lastKnownFileType = sourcecode.swift; path = Bundle.swift; sourceTree = "<group>"; };
		7B5673D92A7E6DFB003CE63F /* WelcomeView.swift */ = {isa = PBXFileReference; lastKnownFileType = sourcecode.swift; path = WelcomeView.swift; sourceTree = "<group>"; };
		7B7591932A7F87EB00BBABE4 /* ResortView.swift */ = {isa = PBXFileReference; lastKnownFileType = sourcecode.swift; path = ResortView.swift; sourceTree = "<group>"; };
		7B7591952A7F8A1200BBABE4 /* SkiDetailsView.swift */ = {isa = PBXFileReference; lastKnownFileType = sourcecode.swift; path = SkiDetailsView.swift; sourceTree = "<group>"; };
		7B7591972A7F8BAD00BBABE4 /* ResortDetailsView.swift */ = {isa = PBXFileReference; lastKnownFileType = sourcecode.swift; path = ResortDetailsView.swift; sourceTree = "<group>"; };
		7B7591992A81131C00BBABE4 /* Facility.swift */ = {isa = PBXFileReference; lastKnownFileType = sourcecode.swift; path = Facility.swift; sourceTree = "<group>"; };
		7B75919B2A81262000BBABE4 /* Favorites.swift */ = {isa = PBXFileReference; lastKnownFileType = sourcecode.swift; path = Favorites.swift; sourceTree = "<group>"; };
		7B75919D2A81373F00BBABE4 /* SortingView.swift */ = {isa = PBXFileReference; lastKnownFileType = sourcecode.swift; path = SortingView.swift; sourceTree = "<group>"; };
/* End PBXFileReference section */

/* Begin PBXFrameworksBuildPhase section */
		7B5673B32A7E34B1003CE63F /* Frameworks */ = {
			isa = PBXFrameworksBuildPhase;
			buildActionMask = 2147483647;
			files = (
			);
			runOnlyForDeploymentPostprocessing = 0;
		};
/* End PBXFrameworksBuildPhase section */

/* Begin PBXGroup section */
		7B5673AD2A7E34B1003CE63F = {
			isa = PBXGroup;
			children = (
				7B5673B82A7E34B1003CE63F /* SnowSeeker */,
				7B5673B72A7E34B1003CE63F /* Products */,
			);
			sourceTree = "<group>";
		};
		7B5673B72A7E34B1003CE63F /* Products */ = {
			isa = PBXGroup;
			children = (
				7B5673B62A7E34B1003CE63F /* SnowSeeker.app */,
			);
			name = Products;
			sourceTree = "<group>";
		};
		7B5673B82A7E34B1003CE63F /* SnowSeeker */ = {
			isa = PBXGroup;
			children = (
				7B5673B92A7E34B1003CE63F /* SnowSeekerApp.swift */,
				7B75919B2A81262000BBABE4 /* Favorites.swift */,
				7B5673D62A7E5592003CE63F /* Extensions */,
				7B5673D22A7E54F0003CE63F /* Model */,
				7B5673D32A7E54F6003CE63F /* View */,
				7B5673C72A7E3E19003CE63F /* Introduction */,
				7B5673D02A7E54A9003CE63F /* resorts.json */,
				7B5673BD2A7E34B3003CE63F /* Assets.xcassets */,
				7B5673BF2A7E34B3003CE63F /* Preview Content */,
			);
			path = SnowSeeker;
			sourceTree = "<group>";
		};
		7B5673BF2A7E34B3003CE63F /* Preview Content */ = {
			isa = PBXGroup;
			children = (
				7B5673C02A7E34B3003CE63F /* Preview Assets.xcassets */,
			);
			path = "Preview Content";
			sourceTree = "<group>";
		};
		7B5673C72A7E3E19003CE63F /* Introduction */ = {
			isa = PBXGroup;
			children = (
				7B5673C82A7E3E36003CE63F /* sideView.swift */,
				7B5673CA2A7E42A5003CE63F /* optionalsAlertSheet.swift */,
				7B5673CC2A7E47D5003CE63F /* GroupView.swift */,
				7B5673CE2A7E4B37003CE63F /* searchableView.swift */,
			);
			path = Introduction;
			sourceTree = "<group>";
		};
		7B5673D22A7E54F0003CE63F /* Model */ = {
			isa = PBXGroup;
			children = (
				7B5673D42A7E551D003CE63F /* Resort.swift */,
				7B7591992A81131C00BBABE4 /* Facility.swift */,
			);
			path = Model;
			sourceTree = "<group>";
		};
		7B5673D32A7E54F6003CE63F /* View */ = {
			isa = PBXGroup;
			children = (
				7B5673BB2A7E34B1003CE63F /* ContentView.swift */,
				7B5673D92A7E6DFB003CE63F /* WelcomeView.swift */,
				7B7591932A7F87EB00BBABE4 /* ResortView.swift */,
				7B7591952A7F8A1200BBABE4 /* SkiDetailsView.swift */,
				7B7591972A7F8BAD00BBABE4 /* ResortDetailsView.swift */,
				7B75919D2A81373F00BBABE4 /* SortingView.swift */,
			);
			name = View;
			sourceTree = "<group>";
		};
		7B5673D62A7E5592003CE63F /* Extensions */ = {
			isa = PBXGroup;
			children = (
				7B5673D72A7E55A1003CE63F /* Bundle.swift */,
			);
			path = Extensions;
			sourceTree = "<group>";
		};
/* End PBXGroup section */

/* Begin PBXNativeTarget section */
		7B5673B52A7E34B1003CE63F /* SnowSeeker */ = {
			isa = PBXNativeTarget;
			buildConfigurationList = 7B5673C42A7E34B3003CE63F /* Build configuration list for PBXNativeTarget "SnowSeeker" */;
			buildPhases = (
				7B5673B22A7E34B1003CE63F /* Sources */,
				7B5673B32A7E34B1003CE63F /* Frameworks */,
				7B5673B42A7E34B1003CE63F /* Resources */,
			);
			buildRules = (
			);
			dependencies = (
			);
			name = SnowSeeker;
			productName = SnowSeeker;
			productReference = 7B5673B62A7E34B1003CE63F /* SnowSeeker.app */;
			productType = "com.apple.product-type.application";
		};
/* End PBXNativeTarget section */

/* Begin PBXProject section */
		7B5673AE2A7E34B1003CE63F /* Project object */ = {
			isa = PBXProject;
			attributes = {
				BuildIndependentTargetsInParallel = 1;
				LastSwiftUpdateCheck = 1430;
				LastUpgradeCheck = 1430;
				TargetAttributes = {
					7B5673B52A7E34B1003CE63F = {
						CreatedOnToolsVersion = 14.3;
					};
				};
			};
			buildConfigurationList = 7B5673B12A7E34B1003CE63F /* Build configuration list for PBXProject "SnowSeeker" */;
			compatibilityVersion = "Xcode 14.0";
			developmentRegion = en;
			hasScannedForEncodings = 0;
			knownRegions = (
				en,
				Base,
			);
			mainGroup = 7B5673AD2A7E34B1003CE63F;
			productRefGroup = 7B5673B72A7E34B1003CE63F /* Products */;
			projectDirPath = "";
			projectRoot = "";
			targets = (
				7B5673B52A7E34B1003CE63F /* SnowSeeker */,
			);
		};
/* End PBXProject section */

/* Begin PBXResourcesBuildPhase section */
		7B5673B42A7E34B1003CE63F /* Resources */ = {
			isa = PBXResourcesBuildPhase;
			buildActionMask = 2147483647;
			files = (
				7B5673D12A7E54A9003CE63F /* resorts.json in Resources */,
				7B5673C12A7E34B3003CE63F /* Preview Assets.xcassets in Resources */,
				7B5673BE2A7E34B3003CE63F /* Assets.xcassets in Resources */,
			);
			runOnlyForDeploymentPostprocessing = 0;
		};
/* End PBXResourcesBuildPhase section */

/* Begin PBXSourcesBuildPhase section */
		7B5673B22A7E34B1003CE63F /* Sources */ = {
			isa = PBXSourcesBuildPhase;
			buildActionMask = 2147483647;
			files = (
				7B5673CF2A7E4B37003CE63F /* searchableView.swift in Sources */,
				7B5673D82A7E55A1003CE63F /* Bundle.swift in Sources */,
				7B5673BC2A7E34B1003CE63F /* ContentView.swift in Sources */,
				7B5673D52A7E551D003CE63F /* Resort.swift in Sources */,
				7B5673DA2A7E6DFB003CE63F /* WelcomeView.swift in Sources */,
				7B5673BA2A7E34B1003CE63F /* SnowSeekerApp.swift in Sources */,
				7B75919A2A81131C00BBABE4 /* Facility.swift in Sources */,
				7B7591982A7F8BAD00BBABE4 /* ResortDetailsView.swift in Sources */,
				7B5673CD2A7E47D5003CE63F /* GroupView.swift in Sources */,
				7B7591942A7F87EB00BBABE4 /* ResortView.swift in Sources */,
				7B7591962A7F8A1200BBABE4 /* SkiDetailsView.swift in Sources */,
				7B75919E2A81374000BBABE4 /* SortingView.swift in Sources */,
				7B75919C2A81262000BBABE4 /* Favorites.swift in Sources */,
				7B5673CB2A7E42A5003CE63F /* optionalsAlertSheet.swift in Sources */,
				7B5673C92A7E3E36003CE63F /* sideView.swift in Sources */,
			);
			runOnlyForDeploymentPostprocessing = 0;
		};
/* End PBXSourcesBuildPhase section */

/* Begin XCBuildConfiguration section */
		7B5673C22A7E34B3003CE63F /* Debug */ = {
			isa = XCBuildConfiguration;
			buildSettings = {
				ALWAYS_SEARCH_USER_PATHS = NO;
				CLANG_ANALYZER_NONNULL = YES;
				CLANG_ANALYZER_NUMBER_OBJECT_CONVERSION = YES_AGGRESSIVE;
				CLANG_CXX_LANGUAGE_STANDARD = "gnu++20";
				CLANG_ENABLE_MODULES = YES;
				CLANG_ENABLE_OBJC_ARC = YES;
				CLANG_ENABLE_OBJC_WEAK = YES;
				CLANG_WARN_BLOCK_CAPTURE_AUTORELEASING = YES;
				CLANG_WARN_BOOL_CONVERSION = YES;
				CLANG_WARN_COMMA = YES;
				CLANG_WARN_CONSTANT_CONVERSION = YES;
				CLANG_WARN_DEPRECATED_OBJC_IMPLEMENTATIONS = YES;
				CLANG_WARN_DIRECT_OBJC_ISA_USAGE = YES_ERROR;
				CLANG_WARN_DOCUMENTATION_COMMENTS = YES;
				CLANG_WARN_EMPTY_BODY = YES;
				CLANG_WARN_ENUM_CONVERSION = YES;
				CLANG_WARN_INFINITE_RECURSION = YES;
				CLANG_WARN_INT_CONVERSION = YES;
				CLANG_WARN_NON_LITERAL_NULL_CONVERSION = YES;
				CLANG_WARN_OBJC_IMPLICIT_RETAIN_SELF = YES;
				CLANG_WARN_OBJC_LITERAL_CONVERSION = YES;
				CLANG_WARN_OBJC_ROOT_CLASS = YES_ERROR;
				CLANG_WARN_QUOTED_INCLUDE_IN_FRAMEWORK_HEADER = YES;
				CLANG_WARN_RANGE_LOOP_ANALYSIS = YES;
				CLANG_WARN_STRICT_PROTOTYPES = YES;
				CLANG_WARN_SUSPICIOUS_MOVE = YES;
				CLANG_WARN_UNGUARDED_AVAILABILITY = YES_AGGRESSIVE;
				CLANG_WARN_UNREACHABLE_CODE = YES;
				CLANG_WARN__DUPLICATE_METHOD_MATCH = YES;
				COPY_PHASE_STRIP = NO;
				DEBUG_INFORMATION_FORMAT = dwarf;
				ENABLE_STRICT_OBJC_MSGSEND = YES;
				ENABLE_TESTABILITY = YES;
				GCC_C_LANGUAGE_STANDARD = gnu11;
				GCC_DYNAMIC_NO_PIC = NO;
				GCC_NO_COMMON_BLOCKS = YES;
				GCC_OPTIMIZATION_LEVEL = 0;
				GCC_PREPROCESSOR_DEFINITIONS = (
					"DEBUG=1",
					"$(inherited)",
				);
				GCC_WARN_64_TO_32_BIT_CONVERSION = YES;
				GCC_WARN_ABOUT_RETURN_TYPE = YES_ERROR;
				GCC_WARN_UNDECLARED_SELECTOR = YES;
				GCC_WARN_UNINITIALIZED_AUTOS = YES_AGGRESSIVE;
				GCC_WARN_UNUSED_FUNCTION = YES;
				GCC_WARN_UNUSED_VARIABLE = YES;
				IPHONEOS_DEPLOYMENT_TARGET = 16.4;
				MTL_ENABLE_DEBUG_INFO = INCLUDE_SOURCE;
				MTL_FAST_MATH = YES;
				ONLY_ACTIVE_ARCH = YES;
				SDKROOT = iphoneos;
				SWIFT_ACTIVE_COMPILATION_CONDITIONS = DEBUG;
				SWIFT_OPTIMIZATION_LEVEL = "-Onone";
			};
			name = Debug;
		};
		7B5673C32A7E34B3003CE63F /* Release */ = {
			isa = XCBuildConfiguration;
			buildSettings = {
				ALWAYS_SEARCH_USER_PATHS = NO;
				CLANG_ANALYZER_NONNULL = YES;
				CLANG_ANALYZER_NUMBER_OBJECT_CONVERSION = YES_AGGRESSIVE;
				CLANG_CXX_LANGUAGE_STANDARD = "gnu++20";
				CLANG_ENABLE_MODULES = YES;
				CLANG_ENABLE_OBJC_ARC = YES;
				CLANG_ENABLE_OBJC_WEAK = YES;
				CLANG_WARN_BLOCK_CAPTURE_AUTORELEASING = YES;
				CLANG_WARN_BOOL_CONVERSION = YES;
				CLANG_WARN_COMMA = YES;
				CLANG_WARN_CONSTANT_CONVERSION = YES;
				CLANG_WARN_DEPRECATED_OBJC_IMPLEMENTATIONS = YES;
				CLANG_WARN_DIRECT_OBJC_ISA_USAGE = YES_ERROR;
				CLANG_WARN_DOCUMENTATION_COMMENTS = YES;
				CLANG_WARN_EMPTY_BODY = YES;
				CLANG_WARN_ENUM_CONVERSION = YES;
				CLANG_WARN_INFINITE_RECURSION = YES;
				CLANG_WARN_INT_CONVERSION = YES;
				CLANG_WARN_NON_LITERAL_NULL_CONVERSION = YES;
				CLANG_WARN_OBJC_IMPLICIT_RETAIN_SELF = YES;
				CLANG_WARN_OBJC_LITERAL_CONVERSION = YES;
				CLANG_WARN_OBJC_ROOT_CLASS = YES_ERROR;
				CLANG_WARN_QUOTED_INCLUDE_IN_FRAMEWORK_HEADER = YES;
				CLANG_WARN_RANGE_LOOP_ANALYSIS = YES;
				CLANG_WARN_STRICT_PROTOTYPES = YES;
				CLANG_WARN_SUSPICIOUS_MOVE = YES;
				CLANG_WARN_UNGUARDED_AVAILABILITY = YES_AGGRESSIVE;
				CLANG_WARN_UNREACHABLE_CODE = YES;
				CLANG_WARN__DUPLICATE_METHOD_MATCH = YES;
				COPY_PHASE_STRIP = NO;
				DEBUG_INFORMATION_FORMAT = "dwarf-with-dsym";
				ENABLE_NS_ASSERTIONS = NO;
				ENABLE_STRICT_OBJC_MSGSEND = YES;
				GCC_C_LANGUAGE_STANDARD = gnu11;
				GCC_NO_COMMON_BLOCKS = YES;
				GCC_WARN_64_TO_32_BIT_CONVERSION = YES;
				GCC_WARN_ABOUT_RETURN_TYPE = YES_ERROR;
				GCC_WARN_UNDECLARED_SELECTOR = YES;
				GCC_WARN_UNINITIALIZED_AUTOS = YES_AGGRESSIVE;
				GCC_WARN_UNUSED_FUNCTION = YES;
				GCC_WARN_UNUSED_VARIABLE = YES;
				IPHONEOS_DEPLOYMENT_TARGET = 16.4;
				MTL_ENABLE_DEBUG_INFO = NO;
				MTL_FAST_MATH = YES;
				SDKROOT = iphoneos;
				SWIFT_COMPILATION_MODE = wholemodule;
				SWIFT_OPTIMIZATION_LEVEL = "-O";
				VALIDATE_PRODUCT = YES;
			};
			name = Release;
		};
		7B5673C52A7E34B3003CE63F /* Debug */ = {
			isa = XCBuildConfiguration;
			buildSettings = {
				ASSETCATALOG_COMPILER_APPICON_NAME = AppIcon;
				ASSETCATALOG_COMPILER_GLOBAL_ACCENT_COLOR_NAME = AccentColor;
				CODE_SIGN_STYLE = Automatic;
				CURRENT_PROJECT_VERSION = 1;
				DEVELOPMENT_ASSET_PATHS = "\"SnowSeeker/Preview Content\"";
				DEVELOPMENT_TEAM = B9S7PB8R45;
				ENABLE_PREVIEWS = YES;
				GENERATE_INFOPLIST_FILE = YES;
				INFOPLIST_KEY_UIApplicationSceneManifest_Generation = YES;
				INFOPLIST_KEY_UIApplicationSupportsIndirectInputEvents = YES;
				INFOPLIST_KEY_UILaunchScreen_Generation = YES;
				INFOPLIST_KEY_UISupportedInterfaceOrientations_iPad = "UIInterfaceOrientationPortrait UIInterfaceOrientationPortraitUpsideDown UIInterfaceOrientationLandscapeLeft UIInterfaceOrientationLandscapeRight";
				INFOPLIST_KEY_UISupportedInterfaceOrientations_iPhone = "UIInterfaceOrientationPortrait UIInterfaceOrientationLandscapeLeft UIInterfaceOrientationLandscapeRight";
				LD_RUNPATH_SEARCH_PATHS = (
					"$(inherited)",
					"@executable_path/Frameworks",
				);
				MARKETING_VERSION = 1.0;
				PRODUCT_BUNDLE_IDENTIFIER = com.pagopatito.SnowSeeker;
				PRODUCT_NAME = "$(TARGET_NAME)";
				SWIFT_EMIT_LOC_STRINGS = YES;
				SWIFT_VERSION = 5.0;
				TARGETED_DEVICE_FAMILY = "1,2";
			};
			name = Debug;
		};
		7B5673C62A7E34B3003CE63F /* Release */ = {
			isa = XCBuildConfiguration;
			buildSettings = {
				ASSETCATALOG_COMPILER_APPICON_NAME = AppIcon;
				ASSETCATALOG_COMPILER_GLOBAL_ACCENT_COLOR_NAME = AccentColor;
				CODE_SIGN_STYLE = Automatic;
				CURRENT_PROJECT_VERSION = 1;
				DEVELOPMENT_ASSET_PATHS = "\"SnowSeeker/Preview Content\"";
				DEVELOPMENT_TEAM = B9S7PB8R45;
				ENABLE_PREVIEWS = YES;
				GENERATE_INFOPLIST_FILE = YES;
				INFOPLIST_KEY_UIApplicationSceneManifest_Generation = YES;
				INFOPLIST_KEY_UIApplicationSupportsIndirectInputEvents = YES;
				INFOPLIST_KEY_UILaunchScreen_Generation = YES;
				INFOPLIST_KEY_UISupportedInterfaceOrientations_iPad = "UIInterfaceOrientationPortrait UIInterfaceOrientationPortraitUpsideDown UIInterfaceOrientationLandscapeLeft UIInterfaceOrientationLandscapeRight";
				INFOPLIST_KEY_UISupportedInterfaceOrientations_iPhone = "UIInterfaceOrientationPortrait UIInterfaceOrientationLandscapeLeft UIInterfaceOrientationLandscapeRight";
				LD_RUNPATH_SEARCH_PATHS = (
					"$(inherited)",
					"@executable_path/Frameworks",
				);
				MARKETING_VERSION = 1.0;
				PRODUCT_BUNDLE_IDENTIFIER = com.pagopatito.SnowSeeker;
				PRODUCT_NAME = "$(TARGET_NAME)";
				SWIFT_EMIT_LOC_STRINGS = YES;
				SWIFT_VERSION = 5.0;
				TARGETED_DEVICE_FAMILY = "1,2";
			};
			name = Release;
		};
/* End XCBuildConfiguration section */

/* Begin XCConfigurationList section */
		7B5673B12A7E34B1003CE63F /* Build configuration list for PBXProject "SnowSeeker" */ = {
			isa = XCConfigurationList;
			buildConfigurations = (
				7B5673C22A7E34B3003CE63F /* Debug */,
				7B5673C32A7E34B3003CE63F /* Release */,
			);
			defaultConfigurationIsVisible = 0;
			defaultConfigurationName = Release;
		};
		7B5673C42A7E34B3003CE63F /* Build configuration list for PBXNativeTarget "SnowSeeker" */ = {
			isa = XCConfigurationList;
			buildConfigurations = (
				7B5673C52A7E34B3003CE63F /* Debug */,
				7B5673C62A7E34B3003CE63F /* Release */,
			);
			defaultConfigurationIsVisible = 0;
			defaultConfigurationName = Release;
		};
/* End XCConfigurationList section */
	};
	rootObject = 7B5673AE2A7E34B1003CE63F /* Project object */;
}
